
Microsoft Visual Studio Solution File, Format Version 12.00
# Visual Studio Version 17
VisualStudioVersion = 17.11.35327.3
MinimumVisualStudioVersion = 10.0.40219.1
Project("{FAE04EC0-301F-11D3-BF4B-00C04F79EFBC}") = "PelotonIDE", "PelotonIDE\PelotonIDE.csproj", "{DA77C05F-A8DA-444A-B1C6-B57435EC29C7}"
EndProject
Project("{2150E333-8FDC-42A3-9474-1A3956D46DE8}") = "Solution Items", "Solution Items", "{E5EFB295-4AFD-4032-B215-FAF8B8D58F15}"
	ProjectSection(SolutionItems) = preProject
		.gitignore = .gitignore
		Directory.Build.props = Directory.Build.props
		Directory.Build.targets = Directory.Build.targets
		Directory.Packages.props = Directory.Packages.props
		global.json = global.json
	EndProjectSection
EndProject
Project("{FAE04EC0-301F-11D3-BF4B-00C04F79EFBC}") = "EncodingChecker", "EncodingChecker\EncodingChecker.csproj", "{429DAD1D-8362-41D8-B2F7-E7C8FB3DA865}"
EndProject
Global
	GlobalSection(SolutionConfigurationPlatforms) = preSolution
		Debug|Any CPU = Debug|Any CPU
		Release|Any CPU = Release|Any CPU
	EndGlobalSection
	GlobalSection(ProjectConfigurationPlatforms) = postSolution
		{DA77C05F-A8DA-444A-B1C6-B57435EC29C7}.Debug|Any CPU.ActiveCfg = Debug|Any CPU
		{DA77C05F-A8DA-444A-B1C6-B57435EC29C7}.Debug|Any CPU.Build.0 = Debug|Any CPU
		{DA77C05F-A8DA-444A-B1C6-B57435EC29C7}.Debug|Any CPU.Deploy.0 = Debug|Any CPU
		{DA77C05F-A8DA-444A-B1C6-B57435EC29C7}.Release|Any CPU.ActiveCfg = Release|Any CPU
		{DA77C05F-A8DA-444A-B1C6-B57435EC29C7}.Release|Any CPU.Build.0 = Release|Any CPU
		{DA77C05F-A8DA-444A-B1C6-B57435EC29C7}.Release|Any CPU.Deploy.0 = Release|Any CPU
		{429DAD1D-8362-41D8-B2F7-E7C8FB3DA865}.Debug|Any CPU.ActiveCfg = Debug|Any CPU
		{429DAD1D-8362-41D8-B2F7-E7C8FB3DA865}.Debug|Any CPU.Build.0 = Debug|Any CPU
		{429DAD1D-8362-41D8-B2F7-E7C8FB3DA865}.Release|Any CPU.ActiveCfg = Release|Any CPU
		{429DAD1D-8362-41D8-B2F7-E7C8FB3DA865}.Release|Any CPU.Build.0 = Release|Any CPU
	EndGlobalSection
	GlobalSection(SolutionProperties) = preSolution
		HideSolutionNode = FALSE
	EndGlobalSection
	GlobalSection(ExtensibilityGlobals) = postSolution
		SolutionGuid = {DCA08DE0-859A-4548-9A07-64724695F2C3}
	EndGlobalSection
EndGlobal
